// !$*UTF8*$!
{
	archiveVersion = 1;
	classes = {
	};
	objectVersion = 46;
	objects = {

/* Begin PBXBuildFile section */
		A11443A91C5F4D3C00B75FB8 /* AppDelegate.swift in Sources */ = {isa = PBXBuildFile; fileRef = A11443A81C5F4D3C00B75FB8 /* AppDelegate.swift */; };
		A11443AB1C5F4D3C00B75FB8 /* ViewController.swift in Sources */ = {isa = PBXBuildFile; fileRef = A11443AA1C5F4D3C00B75FB8 /* ViewController.swift */; };
		A11443AE1C5F4D3C00B75FB8 /* Main.storyboard in Resources */ = {isa = PBXBuildFile; fileRef = A11443AC1C5F4D3C00B75FB8 /* Main.storyboard */; };
		A11443B01C5F4D3C00B75FB8 /* Assets.xcassets in Resources */ = {isa = PBXBuildFile; fileRef = A11443AF1C5F4D3C00B75FB8 /* Assets.xcassets */; };
		A11443B31C5F4D3C00B75FB8 /* LaunchScreen.storyboard in Resources */ = {isa = PBXBuildFile; fileRef = A11443B11C5F4D3C00B75FB8 /* LaunchScreen.storyboard */; };
		A11443F01C5F4D7100B75FB8 /* Constants.swift in Sources */ = {isa = PBXBuildFile; fileRef = A11443BC1C5F4D7100B75FB8 /* Constants.swift */; };
		A11443F11C5F4D7100B75FB8 /* Enumerate.swift in Sources */ = {isa = PBXBuildFile; fileRef = A11443BF1C5F4D7100B75FB8 /* Enumerate.swift */; };
		A11443F21C5F4D7100B75FB8 /* Protocol.swift in Sources */ = {isa = PBXBuildFile; fileRef = A11443C11C5F4D7100B75FB8 /* Protocol.swift */; };
		A11443F31C5F4D7100B75FB8 /* CoreAnimationExtension.swift in Sources */ = {isa = PBXBuildFile; fileRef = A11443C31C5F4D7100B75FB8 /* CoreAnimationExtension.swift */; };
		A11443F41C5F4D7100B75FB8 /* CoreGraphicsExtension.swift in Sources */ = {isa = PBXBuildFile; fileRef = A11443C41C5F4D7100B75FB8 /* CoreGraphicsExtension.swift */; };
		A11443F51C5F4D7100B75FB8 /* FoundationExtension.swift in Sources */ = {isa = PBXBuildFile; fileRef = A11443C51C5F4D7100B75FB8 /* FoundationExtension.swift */; };
		A11443F61C5F4D7100B75FB8 /* OtherExtension.swift in Sources */ = {isa = PBXBuildFile; fileRef = A11443C61C5F4D7100B75FB8 /* OtherExtension.swift */; };
		A11443F71C5F4D7100B75FB8 /* SwiftExtension.swift in Sources */ = {isa = PBXBuildFile; fileRef = A11443C71C5F4D7100B75FB8 /* SwiftExtension.swift */; };
		A11443F81C5F4D7100B75FB8 /* UIKitExtension.swift in Sources */ = {isa = PBXBuildFile; fileRef = A11443C81C5F4D7100B75FB8 /* UIKitExtension.swift */; };
		A11443F91C5F4D7100B75FB8 /* Localization.strings in Resources */ = {isa = PBXBuildFile; fileRef = A11443CA1C5F4D7100B75FB8 /* Localization.strings */; };
		A11443FA1C5F4D7100B75FB8 /* Localization.swift in Sources */ = {isa = PBXBuildFile; fileRef = A11443CC1C5F4D7100B75FB8 /* Localization.swift */; };
		A11443FB1C5F4D7100B75FB8 /* SystemHelper.swift in Sources */ = {isa = PBXBuildFile; fileRef = A11443D51C5F4D7100B75FB8 /* SystemHelper.swift */; };
		A11443FC1C5F4D7100B75FB8 /* DateUtil.swift in Sources */ = {isa = PBXBuildFile; fileRef = A11443E01C5F4D7100B75FB8 /* DateUtil.swift */; };
		A11443FD1C5F4D7100B75FB8 /* Log.swift in Sources */ = {isa = PBXBuildFile; fileRef = A11443E21C5F4D7100B75FB8 /* Log.swift */; };
		A11443FE1C5F4D7100B75FB8 /* LogEnumeration.swift in Sources */ = {isa = PBXBuildFile; fileRef = A11443E31C5F4D7100B75FB8 /* LogEnumeration.swift */; };
		A11443FF1C5F4D7100B75FB8 /* MathUtil.swift in Sources */ = {isa = PBXBuildFile; fileRef = A11443E51C5F4D7100B75FB8 /* MathUtil.swift */; };
		A11444011C5F4D7100B75FB8 /* ProjectUtil.swift in Sources */ = {isa = PBXBuildFile; fileRef = A11443E91C5F4D7100B75FB8 /* ProjectUtil.swift */; };
		A11444021C5F4D7100B75FB8 /* SystemUtil.swift in Sources */ = {isa = PBXBuildFile; fileRef = A11443EC1C5F4D7100B75FB8 /* SystemUtil.swift */; };
		A11444031C5F4D7100B75FB8 /* TestUtil.swift in Sources */ = {isa = PBXBuildFile; fileRef = A11443EE1C5F4D7100B75FB8 /* TestUtil.swift */; };
/* End PBXBuildFile section */

/* Begin PBXFileReference section */
		A11443A51C5F4D3C00B75FB8 /* JZHeartRateReceiver.app */ = {isa = PBXFileReference; explicitFileType = wrapper.application; includeInIndex = 0; path = JZHeartRateReceiver.app; sourceTree = BUILT_PRODUCTS_DIR; };
		A11443A81C5F4D3C00B75FB8 /* AppDelegate.swift */ = {isa = PBXFileReference; lastKnownFileType = sourcecode.swift; path = AppDelegate.swift; sourceTree = "<group>"; };
		A11443AA1C5F4D3C00B75FB8 /* ViewController.swift */ = {isa = PBXFileReference; lastKnownFileType = sourcecode.swift; path = ViewController.swift; sourceTree = "<group>"; };
		A11443AD1C5F4D3C00B75FB8 /* Base */ = {isa = PBXFileReference; lastKnownFileType = file.storyboard; name = Base; path = Base.lproj/Main.storyboard; sourceTree = "<group>"; };
		A11443AF1C5F4D3C00B75FB8 /* Assets.xcassets */ = {isa = PBXFileReference; lastKnownFileType = folder.assetcatalog; path = Assets.xcassets; sourceTree = "<group>"; };
		A11443B21C5F4D3C00B75FB8 /* Base */ = {isa = PBXFileReference; lastKnownFileType = file.storyboard; name = Base; path = Base.lproj/LaunchScreen.storyboard; sourceTree = "<group>"; };
		A11443B41C5F4D3C00B75FB8 /* Info.plist */ = {isa = PBXFileReference; lastKnownFileType = text.plist.xml; path = Info.plist; sourceTree = "<group>"; };
		A11443BC1C5F4D7100B75FB8 /* Constants.swift */ = {isa = PBXFileReference; fileEncoding = 4; lastKnownFileType = sourcecode.swift; path = Constants.swift; sourceTree = "<group>"; };
		A11443BF1C5F4D7100B75FB8 /* Enumerate.swift */ = {isa = PBXFileReference; fileEncoding = 4; lastKnownFileType = sourcecode.swift; path = Enumerate.swift; sourceTree = "<group>"; };
		A11443C11C5F4D7100B75FB8 /* Protocol.swift */ = {isa = PBXFileReference; fileEncoding = 4; lastKnownFileType = sourcecode.swift; path = Protocol.swift; sourceTree = "<group>"; };
		A11443C31C5F4D7100B75FB8 /* CoreAnimationExtension.swift */ = {isa = PBXFileReference; fileEncoding = 4; lastKnownFileType = sourcecode.swift; path = CoreAnimationExtension.swift; sourceTree = "<group>"; };
		A11443C41C5F4D7100B75FB8 /* CoreGraphicsExtension.swift */ = {isa = PBXFileReference; fileEncoding = 4; lastKnownFileType = sourcecode.swift; path = CoreGraphicsExtension.swift; sourceTree = "<group>"; };
		A11443C51C5F4D7100B75FB8 /* FoundationExtension.swift */ = {isa = PBXFileReference; fileEncoding = 4; lastKnownFileType = sourcecode.swift; path = FoundationExtension.swift; sourceTree = "<group>"; };
		A11443C61C5F4D7100B75FB8 /* OtherExtension.swift */ = {isa = PBXFileReference; fileEncoding = 4; lastKnownFileType = sourcecode.swift; path = OtherExtension.swift; sourceTree = "<group>"; };
		A11443C71C5F4D7100B75FB8 /* SwiftExtension.swift */ = {isa = PBXFileReference; fileEncoding = 4; lastKnownFileType = sourcecode.swift; path = SwiftExtension.swift; sourceTree = "<group>"; };
		A11443C81C5F4D7100B75FB8 /* UIKitExtension.swift */ = {isa = PBXFileReference; fileEncoding = 4; lastKnownFileType = sourcecode.swift; path = UIKitExtension.swift; sourceTree = "<group>"; };
		A11443CB1C5F4D7100B75FB8 /* en */ = {isa = PBXFileReference; lastKnownFileType = text.plist.strings; name = en; path = en.lproj/Localization.strings; sourceTree = "<group>"; };
		A11443CC1C5F4D7100B75FB8 /* Localization.swift */ = {isa = PBXFileReference; fileEncoding = 4; lastKnownFileType = sourcecode.swift; path = Localization.swift; sourceTree = "<group>"; };
		A11443CD1C5F4D7100B75FB8 /* zh-Hans */ = {isa = PBXFileReference; lastKnownFileType = text.plist.strings; name = "zh-Hans"; path = "zh-Hans.lproj/Localization.strings"; sourceTree = "<group>"; };
		A11443CE1C5F4D7100B75FB8 /* zh-Hant */ = {isa = PBXFileReference; lastKnownFileType = text.plist.strings; name = "zh-Hant"; path = "zh-Hant.lproj/Localization.strings"; sourceTree = "<group>"; };
		A11443D01C5F4D7100B75FB8 /* Bridging-Header.h */ = {isa = PBXFileReference; fileEncoding = 4; lastKnownFileType = sourcecode.c.h; path = "Bridging-Header.h"; sourceTree = "<group>"; };
		A11443D51C5F4D7100B75FB8 /* SystemHelper.swift */ = {isa = PBXFileReference; fileEncoding = 4; lastKnownFileType = sourcecode.swift; path = SystemHelper.swift; sourceTree = "<group>"; };
		A11443E01C5F4D7100B75FB8 /* DateUtil.swift */ = {isa = PBXFileReference; fileEncoding = 4; lastKnownFileType = sourcecode.swift; path = DateUtil.swift; sourceTree = "<group>"; };
		A11443E21C5F4D7100B75FB8 /* Log.swift */ = {isa = PBXFileReference; fileEncoding = 4; lastKnownFileType = sourcecode.swift; path = Log.swift; sourceTree = "<group>"; };
		A11443E31C5F4D7100B75FB8 /* LogEnumeration.swift */ = {isa = PBXFileReference; fileEncoding = 4; lastKnownFileType = sourcecode.swift; path = LogEnumeration.swift; sourceTree = "<group>"; };
		A11443E51C5F4D7100B75FB8 /* MathUtil.swift */ = {isa = PBXFileReference; fileEncoding = 4; lastKnownFileType = sourcecode.swift; path = MathUtil.swift; sourceTree = "<group>"; };
		A11443E91C5F4D7100B75FB8 /* ProjectUtil.swift */ = {isa = PBXFileReference; fileEncoding = 4; lastKnownFileType = sourcecode.swift; path = ProjectUtil.swift; sourceTree = "<group>"; };
		A11443EC1C5F4D7100B75FB8 /* SystemUtil.swift */ = {isa = PBXFileReference; fileEncoding = 4; lastKnownFileType = sourcecode.swift; path = SystemUtil.swift; sourceTree = "<group>"; };
		A11443EE1C5F4D7100B75FB8 /* TestUtil.swift */ = {isa = PBXFileReference; fileEncoding = 4; lastKnownFileType = sourcecode.swift; path = TestUtil.swift; sourceTree = "<group>"; };
/* End PBXFileReference section */

/* Begin PBXFrameworksBuildPhase section */
		A11443A21C5F4D3C00B75FB8 /* Frameworks */ = {
			isa = PBXFrameworksBuildPhase;
			buildActionMask = 2147483647;
			files = (
			);
			runOnlyForDeploymentPostprocessing = 0;
		};
/* End PBXFrameworksBuildPhase section */

/* Begin PBXGroup section */
		A114439C1C5F4D3C00B75FB8 = {
			isa = PBXGroup;
			children = (
				A11443A71C5F4D3C00B75FB8 /* JZHeartRateReceiver */,
				A11443A61C5F4D3C00B75FB8 /* Products */,
			);
			sourceTree = "<group>";
		};
		A11443A61C5F4D3C00B75FB8 /* Products */ = {
			isa = PBXGroup;
			children = (
				A11443A51C5F4D3C00B75FB8 /* JZHeartRateReceiver.app */,
			);
			name = Products;
			sourceTree = "<group>";
		};
		A11443A71C5F4D3C00B75FB8 /* JZHeartRateReceiver */ = {
			isa = PBXGroup;
			children = (
				A11443BA1C5F4D7100B75FB8 /* Config */,
				A11443D21C5F4D7100B75FB8 /* Helper */,
				A11443D61C5F4D7100B75FB8 /* Interface */,
				A11443DB1C5F4D7100B75FB8 /* Lib */,
				A11443DE1C5F4D7100B75FB8 /* Util */,
				A11443A81C5F4D3C00B75FB8 /* AppDelegate.swift */,
				A11443AA1C5F4D3C00B75FB8 /* ViewController.swift */,
				A11443AC1C5F4D3C00B75FB8 /* Main.storyboard */,
				A11443AF1C5F4D3C00B75FB8 /* Assets.xcassets */,
				A11443B11C5F4D3C00B75FB8 /* LaunchScreen.storyboard */,
				A11443B41C5F4D3C00B75FB8 /* Info.plist */,
			);
			path = JZHeartRateReceiver;
			sourceTree = "<group>";
		};
		A11443BA1C5F4D7100B75FB8 /* Config */ = {
			isa = PBXGroup;
			children = (
				A11443BB1C5F4D7100B75FB8 /* Constant */,
				A11443BD1C5F4D7100B75FB8 /* Definition */,
				A11443C21C5F4D7100B75FB8 /* Extension */,
				A11443C91C5F4D7100B75FB8 /* Localization */,
				A11443CF1C5F4D7100B75FB8 /* Properties */,
				A11443D11C5F4D7100B75FB8 /* Storage */,
			);
			path = Config;
			sourceTree = "<group>";
		};
		A11443BB1C5F4D7100B75FB8 /* Constant */ = {
			isa = PBXGroup;
			children = (
				A11443BC1C5F4D7100B75FB8 /* Constants.swift */,
			);
			path = Constant;
			sourceTree = "<group>";
		};
		A11443BD1C5F4D7100B75FB8 /* Definition */ = {
			isa = PBXGroup;
			children = (
				A11443BE1C5F4D7100B75FB8 /* Enumerate */,
				A11443C01C5F4D7100B75FB8 /* Protocol */,
			);
			path = Definition;
			sourceTree = "<group>";
		};
		A11443BE1C5F4D7100B75FB8 /* Enumerate */ = {
			isa = PBXGroup;
			children = (
				A11443BF1C5F4D7100B75FB8 /* Enumerate.swift */,
			);
			path = Enumerate;
			sourceTree = "<group>";
		};
		A11443C01C5F4D7100B75FB8 /* Protocol */ = {
			isa = PBXGroup;
			children = (
				A11443C11C5F4D7100B75FB8 /* Protocol.swift */,
			);
			path = Protocol;
			sourceTree = "<group>";
		};
		A11443C21C5F4D7100B75FB8 /* Extension */ = {
			isa = PBXGroup;
			children = (
				A11443C31C5F4D7100B75FB8 /* CoreAnimationExtension.swift */,
				A11443C41C5F4D7100B75FB8 /* CoreGraphicsExtension.swift */,
				A11443C51C5F4D7100B75FB8 /* FoundationExtension.swift */,
				A11443C61C5F4D7100B75FB8 /* OtherExtension.swift */,
				A11443C71C5F4D7100B75FB8 /* SwiftExtension.swift */,
				A11443C81C5F4D7100B75FB8 /* UIKitExtension.swift */,
			);
			path = Extension;
			sourceTree = "<group>";
		};
		A11443C91C5F4D7100B75FB8 /* Localization */ = {
			isa = PBXGroup;
			children = (
				A11443CA1C5F4D7100B75FB8 /* Localization.strings */,
				A11443CC1C5F4D7100B75FB8 /* Localization.swift */,
			);
			path = Localization;
			sourceTree = "<group>";
		};
		A11443CF1C5F4D7100B75FB8 /* Properties */ = {
			isa = PBXGroup;
			children = (
				A11443D01C5F4D7100B75FB8 /* Bridging-Header.h */,
			);
			path = Properties;
			sourceTree = "<group>";
		};
		A11443D11C5F4D7100B75FB8 /* Storage */ = {
			isa = PBXGroup;
			children = (
			);
			path = Storage;
			sourceTree = "<group>";
		};
		A11443D21C5F4D7100B75FB8 /* Helper */ = {
			isa = PBXGroup;
			children = (
				A11443D31C5F4D7100B75FB8 /* Network */,
				A11443D41C5F4D7100B75FB8 /* System */,
			);
			path = Helper;
			sourceTree = "<group>";
		};
		A11443D31C5F4D7100B75FB8 /* Network */ = {
			isa = PBXGroup;
			children = (
			);
			path = Network;
			sourceTree = "<group>";
		};
		A11443D41C5F4D7100B75FB8 /* System */ = {
			isa = PBXGroup;
			children = (
				A11443D51C5F4D7100B75FB8 /* SystemHelper.swift */,
			);
			path = System;
			sourceTree = "<group>";
		};
		A11443D61C5F4D7100B75FB8 /* Interface */ = {
			isa = PBXGroup;
			children = (
				A11443D71C5F4D7100B75FB8 /* Model */,
				A11443D81C5F4D7100B75FB8 /* Store */,
				A11443D91C5F4D7100B75FB8 /* View */,
				A11443DA1C5F4D7100B75FB8 /* ViewController */,
			);
			path = Interface;
			sourceTree = "<group>";
		};
		A11443D71C5F4D7100B75FB8 /* Model */ = {
			isa = PBXGroup;
			children = (
			);
			path = Model;
			sourceTree = "<group>";
		};
		A11443D81C5F4D7100B75FB8 /* Store */ = {
			isa = PBXGroup;
			children = (
			);
			path = Store;
			sourceTree = "<group>";
		};
		A11443D91C5F4D7100B75FB8 /* View */ = {
			isa = PBXGroup;
			children = (
			);
			path = View;
			sourceTree = "<group>";
		};
		A11443DA1C5F4D7100B75FB8 /* ViewController */ = {
			isa = PBXGroup;
			children = (
			);
			path = ViewController;
			sourceTree = "<group>";
		};
		A11443DB1C5F4D7100B75FB8 /* Lib */ = {
			isa = PBXGroup;
			children = (
				A11443DC1C5F4D7100B75FB8 /* SDKs */,
				A11443DD1C5F4D7100B75FB8 /* Widgets */,
			);
			path = Lib;
			sourceTree = "<group>";
		};
		A11443DC1C5F4D7100B75FB8 /* SDKs */ = {
			isa = PBXGroup;
			children = (
			);
			path = SDKs;
			sourceTree = "<group>";
		};
		A11443DD1C5F4D7100B75FB8 /* Widgets */ = {
			isa = PBXGroup;
			children = (
			);
			path = Widgets;
			sourceTree = "<group>";
		};
		A11443DE1C5F4D7100B75FB8 /* Util */ = {
			isa = PBXGroup;
			children = (
				A11443DF1C5F4D7100B75FB8 /* Date&Time */,
				A11443E11C5F4D7100B75FB8 /* Log */,
				A11443E41C5F4D7100B75FB8 /* Mathematical */,
				A11443E61C5F4D7100B75FB8 /* Network */,
				A11443E81C5F4D7100B75FB8 /* Project */,
				A11443EA1C5F4D7100B75FB8 /* String */,
				A11443EB1C5F4D7100B75FB8 /* System */,
				A11443ED1C5F4D7100B75FB8 /* Test */,
				A11443EF1C5F4D7100B75FB8 /* View */,
			);
			path = Util;
			sourceTree = "<group>";
		};
		A11443DF1C5F4D7100B75FB8 /* Date&Time */ = {
			isa = PBXGroup;
			children = (
				A11443E01C5F4D7100B75FB8 /* DateUtil.swift */,
			);
			path = "Date&Time";
			sourceTree = "<group>";
		};
		A11443E11C5F4D7100B75FB8 /* Log */ = {
			isa = PBXGroup;
			children = (
				A11443E21C5F4D7100B75FB8 /* Log.swift */,
				A11443E31C5F4D7100B75FB8 /* LogEnumeration.swift */,
			);
			path = Log;
			sourceTree = "<group>";
		};
		A11443E41C5F4D7100B75FB8 /* Mathematical */ = {
			isa = PBXGroup;
			children = (
				A11443E51C5F4D7100B75FB8 /* MathUtil.swift */,
			);
			path = Mathematical;
			sourceTree = "<group>";
		};
		A11443E61C5F4D7100B75FB8 /* Network */ = {
			isa = PBXGroup;
			children = (
			);
			path = Network;
			sourceTree = "<group>";
		};
		A11443E81C5F4D7100B75FB8 /* Project */ = {
			isa = PBXGroup;
			children = (
				A11443E91C5F4D7100B75FB8 /* ProjectUtil.swift */,
			);
			path = Project;
			sourceTree = "<group>";
		};
		A11443EA1C5F4D7100B75FB8 /* String */ = {
			isa = PBXGroup;
			children = (
			);
			path = String;
			sourceTree = "<group>";
		};
		A11443EB1C5F4D7100B75FB8 /* System */ = {
			isa = PBXGroup;
			children = (
				A11443EC1C5F4D7100B75FB8 /* SystemUtil.swift */,
			);
			path = System;
			sourceTree = "<group>";
		};
		A11443ED1C5F4D7100B75FB8 /* Test */ = {
			isa = PBXGroup;
			children = (
				A11443EE1C5F4D7100B75FB8 /* TestUtil.swift */,
			);
			path = Test;
			sourceTree = "<group>";
		};
		A11443EF1C5F4D7100B75FB8 /* View */ = {
			isa = PBXGroup;
			children = (
			);
			path = View;
			sourceTree = "<group>";
		};
/* End PBXGroup section */

/* Begin PBXNativeTarget section */
		A11443A41C5F4D3C00B75FB8 /* JZHeartRateReceiver */ = {
			isa = PBXNativeTarget;
			buildConfigurationList = A11443B71C5F4D3C00B75FB8 /* Build configuration list for PBXNativeTarget "JZHeartRateReceiver" */;
			buildPhases = (
				A11443A11C5F4D3C00B75FB8 /* Sources */,
				A11443A21C5F4D3C00B75FB8 /* Frameworks */,
				A11443A31C5F4D3C00B75FB8 /* Resources */,
			);
			buildRules = (
			);
			dependencies = (
			);
			name = JZHeartRateReceiver;
			productName = JZHeartRateReceiver;
			productReference = A11443A51C5F4D3C00B75FB8 /* JZHeartRateReceiver.app */;
			productType = "com.apple.product-type.application";
		};
/* End PBXNativeTarget section */

/* Begin PBXProject section */
		A114439D1C5F4D3C00B75FB8 /* Project object */ = {
			isa = PBXProject;
			attributes = {
				LastSwiftUpdateCheck = 0720;
				LastUpgradeCheck = 0720;
				ORGANIZATIONNAME = WeSwift;
				TargetAttributes = {
					A11443A41C5F4D3C00B75FB8 = {
						CreatedOnToolsVersion = 7.2;
					};
				};
			};
			buildConfigurationList = A11443A01C5F4D3C00B75FB8 /* Build configuration list for PBXProject "JZHeartRateReceiver" */;
			compatibilityVersion = "Xcode 3.2";
			developmentRegion = English;
			hasScannedForEncodings = 0;
			knownRegions = (
				en,
				Base,
				"zh-Hans",
				"zh-Hant",
			);
			mainGroup = A114439C1C5F4D3C00B75FB8;
			productRefGroup = A11443A61C5F4D3C00B75FB8 /* Products */;
			projectDirPath = "";
			projectRoot = "";
			targets = (
				A11443A41C5F4D3C00B75FB8 /* JZHeartRateReceiver */,
			);
		};
/* End PBXProject section */

/* Begin PBXResourcesBuildPhase section */
		A11443A31C5F4D3C00B75FB8 /* Resources */ = {
			isa = PBXResourcesBuildPhase;
			buildActionMask = 2147483647;
			files = (
				A11443B31C5F4D3C00B75FB8 /* LaunchScreen.storyboard in Resources */,
				A11443F91C5F4D7100B75FB8 /* Localization.strings in Resources */,
				A11443B01C5F4D3C00B75FB8 /* Assets.xcassets in Resources */,
				A11443AE1C5F4D3C00B75FB8 /* Main.storyboard in Resources */,
			);
			runOnlyForDeploymentPostprocessing = 0;
		};
/* End PBXResourcesBuildPhase section */

/* Begin PBXSourcesBuildPhase section */
		A11443A11C5F4D3C00B75FB8 /* Sources */ = {
			isa = PBXSourcesBuildPhase;
			buildActionMask = 2147483647;
			files = (
				A11443F51C5F4D7100B75FB8 /* FoundationExtension.swift in Sources */,
				A11443F11C5F4D7100B75FB8 /* Enumerate.swift in Sources */,
				A11443FD1C5F4D7100B75FB8 /* Log.swift in Sources */,
				A11443FA1C5F4D7100B75FB8 /* Localization.swift in Sources */,
				A11443F61C5F4D7100B75FB8 /* OtherExtension.swift in Sources */,
				A11443F71C5F4D7100B75FB8 /* SwiftExtension.swift in Sources */,
				A11443AB1C5F4D3C00B75FB8 /* ViewController.swift in Sources */,
				A11443A91C5F4D3C00B75FB8 /* AppDelegate.swift in Sources */,
				A11443FE1C5F4D7100B75FB8 /* LogEnumeration.swift in Sources */,
				A11443FF1C5F4D7100B75FB8 /* MathUtil.swift in Sources */,
				A11443F31C5F4D7100B75FB8 /* CoreAnimationExtension.swift in Sources */,
				A11444011C5F4D7100B75FB8 /* ProjectUtil.swift in Sources */,
				A11444031C5F4D7100B75FB8 /* TestUtil.swift in Sources */,
				A11443F01C5F4D7100B75FB8 /* Constants.swift in Sources */,
				A11443F41C5F4D7100B75FB8 /* CoreGraphicsExtension.swift in Sources */,
				A11443FB1C5F4D7100B75FB8 /* SystemHelper.swift in Sources */,
				A11443F81C5F4D7100B75FB8 /* UIKitExtension.swift in Sources */,
				A11443F21C5F4D7100B75FB8 /* Protocol.swift in Sources */,
				A11444021C5F4D7100B75FB8 /* SystemUtil.swift in Sources */,
				A11443FC1C5F4D7100B75FB8 /* DateUtil.swift in Sources */,
			);
			runOnlyForDeploymentPostprocessing = 0;
		};
/* End PBXSourcesBuildPhase section */

/* Begin PBXVariantGroup section */
		A11443AC1C5F4D3C00B75FB8 /* Main.storyboard */ = {
			isa = PBXVariantGroup;
			children = (
				A11443AD1C5F4D3C00B75FB8 /* Base */,
			);
			name = Main.storyboard;
			sourceTree = "<group>";
		};
		A11443B11C5F4D3C00B75FB8 /* LaunchScreen.storyboard */ = {
			isa = PBXVariantGroup;
			children = (
				A11443B21C5F4D3C00B75FB8 /* Base */,
			);
			name = LaunchScreen.storyboard;
			sourceTree = "<group>";
		};
		A11443CA1C5F4D7100B75FB8 /* Localization.strings */ = {
			isa = PBXVariantGroup;
			children = (
				A11443CB1C5F4D7100B75FB8 /* en */,
				A11443CD1C5F4D7100B75FB8 /* zh-Hans */,
				A11443CE1C5F4D7100B75FB8 /* zh-Hant */,
			);
			name = Localization.strings;
			sourceTree = "<group>";
		};
/* End PBXVariantGroup section */

/* Begin XCBuildConfiguration section */
		A11443B51C5F4D3C00B75FB8 /* Debug */ = {
			isa = XCBuildConfiguration;
			buildSettings = {
				ALWAYS_SEARCH_USER_PATHS = NO;
				CLANG_CXX_LANGUAGE_STANDARD = "gnu++0x";
				CLANG_CXX_LIBRARY = "libc++";
				CLANG_ENABLE_MODULES = YES;
				CLANG_ENABLE_OBJC_ARC = YES;
				CLANG_WARN_BOOL_CONVERSION = YES;
				CLANG_WARN_CONSTANT_CONVERSION = YES;
				CLANG_WARN_DIRECT_OBJC_ISA_USAGE = YES_ERROR;
				CLANG_WARN_EMPTY_BODY = YES;
				CLANG_WARN_ENUM_CONVERSION = YES;
				CLANG_WARN_INT_CONVERSION = YES;
				CLANG_WARN_OBJC_ROOT_CLASS = YES_ERROR;
				CLANG_WARN_UNREACHABLE_CODE = YES;
				CLANG_WARN__DUPLICATE_METHOD_MATCH = YES;
				"CODE_SIGN_IDENTITY[sdk=iphoneos*]" = "iPhone Developer";
				COPY_PHASE_STRIP = NO;
				DEBUG_INFORMATION_FORMAT = dwarf;
				ENABLE_STRICT_OBJC_MSGSEND = YES;
				ENABLE_TESTABILITY = YES;
				GCC_C_LANGUAGE_STANDARD = gnu99;
				GCC_DYNAMIC_NO_PIC = NO;
				GCC_NO_COMMON_BLOCKS = YES;
				GCC_OPTIMIZATION_LEVEL = 0;
				GCC_PREPROCESSOR_DEFINITIONS = (
					"DEBUG=1",
					"$(inherited)",
				);
				GCC_WARN_64_TO_32_BIT_CONVERSION = YES;
				GCC_WARN_ABOUT_RETURN_TYPE = YES_ERROR;
				GCC_WARN_UNDECLARED_SELECTOR = YES;
				GCC_WARN_UNINITIALIZED_AUTOS = YES_AGGRESSIVE;
				GCC_WARN_UNUSED_FUNCTION = YES;
				GCC_WARN_UNUSED_VARIABLE = YES;
				IPHONEOS_DEPLOYMENT_TARGET = 9.2;
				MTL_ENABLE_DEBUG_INFO = YES;
				ONLY_ACTIVE_ARCH = YES;
				SDKROOT = iphoneos;
				SWIFT_OPTIMIZATION_LEVEL = "-Onone";
			};
			name = Debug;
		};
		A11443B61C5F4D3C00B75FB8 /* Release */ = {
			isa = XCBuildConfiguration;
			buildSettings = {
				ALWAYS_SEARCH_USER_PATHS = NO;
				CLANG_CXX_LANGUAGE_STANDARD = "gnu++0x";
				CLANG_CXX_LIBRARY = "libc++";
				CLANG_ENABLE_MODULES = YES;
				CLANG_ENABLE_OBJC_ARC = YES;
				CLANG_WARN_BOOL_CONVERSION = YES;
				CLANG_WARN_CONSTANT_CONVERSION = YES;
				CLANG_WARN_DIRECT_OBJC_ISA_USAGE = YES_ERROR;
				CLANG_WARN_EMPTY_BODY = YES;
				CLANG_WARN_ENUM_CONVERSION = YES;
				CLANG_WARN_INT_CONVERSION = YES;
				CLANG_WARN_OBJC_ROOT_CLASS = YES_ERROR;
				CLANG_WARN_UNREACHABLE_CODE = YES;
				CLANG_WARN__DUPLICATE_METHOD_MATCH = YES;
				"CODE_SIGN_IDENTITY[sdk=iphoneos*]" = "iPhone Developer";
				COPY_PHASE_STRIP = NO;
				DEBUG_INFORMATION_FORMAT = "dwarf-with-dsym";
				ENABLE_NS_ASSERTIONS = NO;
				ENABLE_STRICT_OBJC_MSGSEND = YES;
				GCC_C_LANGUAGE_STANDARD = gnu99;
				GCC_NO_COMMON_BLOCKS = YES;
				GCC_WARN_64_TO_32_BIT_CONVERSION = YES;
				GCC_WARN_ABOUT_RETURN_TYPE = YES_ERROR;
				GCC_WARN_UNDECLARED_SELECTOR = YES;
				GCC_WARN_UNINITIALIZED_AUTOS = YES_AGGRESSIVE;
				GCC_WARN_UNUSED_FUNCTION = YES;
				GCC_WARN_UNUSED_VARIABLE = YES;
				IPHONEOS_DEPLOYMENT_TARGET = 9.2;
				MTL_ENABLE_DEBUG_INFO = NO;
				SDKROOT = iphoneos;
				VALIDATE_PRODUCT = YES;
			};
			name = Release;
		};
		A11443B81C5F4D3C00B75FB8 /* Debug */ = {
			isa = XCBuildConfiguration;
			buildSettings = {
				ASSETCATALOG_COMPILER_APPICON_NAME = AppIcon;
				INFOPLIST_FILE = JZHeartRateReceiver/Info.plist;
				IPHONEOS_DEPLOYMENT_TARGET = 8.0;
				LD_RUNPATH_SEARCH_PATHS = "$(inherited) @executable_path/Frameworks";
				OTHER_SWIFT_FLAGS = "-D DEBUG";
				PRODUCT_BUNDLE_IDENTIFIER = com.weswift.JZHeartRateReceiver;
				PRODUCT_NAME = "$(TARGET_NAME)";
				SWIFT_OBJC_BRIDGING_HEADER = "$(PRODUCT_NAME)/Config/Properties/Bridging-Header.h";
			};
			name = Debug;
		};
		A11443B91C5F4D3C00B75FB8 /* Release */ = {
			isa = XCBuildConfiguration;
			buildSettings = {
				ASSETCATALOG_COMPILER_APPICON_NAME = AppIcon;
				INFOPLIST_FILE = JZHeartRateReceiver/Info.plist;
				IPHONEOS_DEPLOYMENT_TARGET = 8.0;
				LD_RUNPATH_SEARCH_PATHS = "$(inherited) @executable_path/Frameworks";
				OTHER_SWIFT_FLAGS = "-D DEBUG";
				PRODUCT_BUNDLE_IDENTIFIER = com.weswift.JZHeartRateReceiver;
				PRODUCT_NAME = "$(TARGET_NAME)";
				SWIFT_OBJC_BRIDGING_HEADER = "$(PRODUCT_NAME)/Config/Properties/Bridging-Header.h";
			};
			name = Release;
		};
/* End XCBuildConfiguration section */

/* Begin XCConfigurationList section */
		A11443A01C5F4D3C00B75FB8 /* Build configuration list for PBXProject "JZHeartRateReceiver" */ = {
			isa = XCConfigurationList;
			buildConfigurations = (
				A11443B51C5F4D3C00B75FB8 /* Debug */,
				A11443B61C5F4D3C00B75FB8 /* Release */,
			);
			defaultConfigurationIsVisible = 0;
			defaultConfigurationName = Release;
		};
		A11443B71C5F4D3C00B75FB8 /* Build configuration list for PBXNativeTarget "JZHeartRateReceiver" */ = {
			isa = XCConfigurationList;
			buildConfigurations = (
				A11443B81C5F4D3C00B75FB8 /* Debug */,
				A11443B91C5F4D3C00B75FB8 /* Release */,
			);
			defaultConfigurationIsVisible = 0;
			defaultConfigurationName = Release;
		};
/* End XCConfigurationList section */
	};
	rootObject = A114439D1C5F4D3C00B75FB8 /* Project object */;
}
