// !$*UTF8*$!
{
	archiveVersion = 1;
	classes = {
	};
	objectVersion = 46;
	objects = {

/* Begin PBXBuildFile section */
		A13204811C5757EA00852A57 /* AppDelegate.swift in Sources */ = {isa = PBXBuildFile; fileRef = A13204801C5757EA00852A57 /* AppDelegate.swift */; };
		A13204831C5757EA00852A57 /* ViewController.swift in Sources */ = {isa = PBXBuildFile; fileRef = A13204821C5757EA00852A57 /* ViewController.swift */; };
		A13204861C5757EA00852A57 /* Main.storyboard in Resources */ = {isa = PBXBuildFile; fileRef = A13204841C5757EA00852A57 /* Main.storyboard */; };
		A13204881C5757EA00852A57 /* Assets.xcassets in Resources */ = {isa = PBXBuildFile; fileRef = A13204871C5757EA00852A57 /* Assets.xcassets */; };
		A132048B1C5757EA00852A57 /* LaunchScreen.storyboard in Resources */ = {isa = PBXBuildFile; fileRef = A13204891C5757EA00852A57 /* LaunchScreen.storyboard */; };
		A13204C71C57590500852A57 /* Constants.swift in Sources */ = {isa = PBXBuildFile; fileRef = A13204B21C57590500852A57 /* Constants.swift */; };
		A13204C81C57590500852A57 /* Enumerate.swift in Sources */ = {isa = PBXBuildFile; fileRef = A13204B51C57590500852A57 /* Enumerate.swift */; };
		A13204C91C57590500852A57 /* Protocol.swift in Sources */ = {isa = PBXBuildFile; fileRef = A13204B71C57590500852A57 /* Protocol.swift */; };
		A13204CA1C57590500852A57 /* CoreAnimationExtension.swift in Sources */ = {isa = PBXBuildFile; fileRef = A13204B91C57590500852A57 /* CoreAnimationExtension.swift */; };
		A13204CB1C57590500852A57 /* CoreGraphicsExtension.swift in Sources */ = {isa = PBXBuildFile; fileRef = A13204BA1C57590500852A57 /* CoreGraphicsExtension.swift */; };
		A13204CC1C57590500852A57 /* FoundationExtension.swift in Sources */ = {isa = PBXBuildFile; fileRef = A13204BB1C57590500852A57 /* FoundationExtension.swift */; };
		A13204CD1C57590500852A57 /* OtherExtension.swift in Sources */ = {isa = PBXBuildFile; fileRef = A13204BC1C57590500852A57 /* OtherExtension.swift */; };
		A13204CE1C57590500852A57 /* SwiftExtension.swift in Sources */ = {isa = PBXBuildFile; fileRef = A13204BD1C57590500852A57 /* SwiftExtension.swift */; };
		A13204CF1C57590500852A57 /* UIKitExtension.swift in Sources */ = {isa = PBXBuildFile; fileRef = A13204BE1C57590500852A57 /* UIKitExtension.swift */; };
		A13204D01C57590500852A57 /* Localization.strings in Resources */ = {isa = PBXBuildFile; fileRef = A13204C01C57590500852A57 /* Localization.strings */; };
		A13204D11C57590500852A57 /* Localization.swift in Sources */ = {isa = PBXBuildFile; fileRef = A13204C21C57590500852A57 /* Localization.swift */; };
		A13204E41C57590C00852A57 /* DateTool.swift in Sources */ = {isa = PBXBuildFile; fileRef = A13204D41C57590C00852A57 /* DateTool.swift */; };
		A13204E51C57590C00852A57 /* Log.swift in Sources */ = {isa = PBXBuildFile; fileRef = A13204D61C57590C00852A57 /* Log.swift */; };
		A13204E61C57590C00852A57 /* LogEnumeration.swift in Sources */ = {isa = PBXBuildFile; fileRef = A13204D71C57590C00852A57 /* LogEnumeration.swift */; };
		A13204E71C57590C00852A57 /* MathTool.swift in Sources */ = {isa = PBXBuildFile; fileRef = A13204D91C57590C00852A57 /* MathTool.swift */; };
		A13204E91C57590C00852A57 /* ProjectTool.swift in Sources */ = {isa = PBXBuildFile; fileRef = A13204DD1C57590C00852A57 /* ProjectTool.swift */; };
		A13204EA1C57590C00852A57 /* StringTool.swift in Sources */ = {isa = PBXBuildFile; fileRef = A13204DF1C57590C00852A57 /* StringTool.swift */; };
		A13204EB1C57590C00852A57 /* SystemTool.swift in Sources */ = {isa = PBXBuildFile; fileRef = A13204E11C57590C00852A57 /* SystemTool.swift */; };
		A13204EC1C57590C00852A57 /* ViewTool.swift in Sources */ = {isa = PBXBuildFile; fileRef = A13204E31C57590C00852A57 /* ViewTool.swift */; };
/* End PBXBuildFile section */

/* Begin PBXFileReference section */
		A132047D1C5757EA00852A57 /* JZBluetoothPeripheralDemo.app */ = {isa = PBXFileReference; explicitFileType = wrapper.application; includeInIndex = 0; path = JZBluetoothPeripheralDemo.app; sourceTree = BUILT_PRODUCTS_DIR; };
		A13204801C5757EA00852A57 /* AppDelegate.swift */ = {isa = PBXFileReference; lastKnownFileType = sourcecode.swift; path = AppDelegate.swift; sourceTree = "<group>"; };
		A13204821C5757EA00852A57 /* ViewController.swift */ = {isa = PBXFileReference; lastKnownFileType = sourcecode.swift; path = ViewController.swift; sourceTree = "<group>"; };
		A13204851C5757EA00852A57 /* Base */ = {isa = PBXFileReference; lastKnownFileType = file.storyboard; name = Base; path = Base.lproj/Main.storyboard; sourceTree = "<group>"; };
		A13204871C5757EA00852A57 /* Assets.xcassets */ = {isa = PBXFileReference; lastKnownFileType = folder.assetcatalog; path = Assets.xcassets; sourceTree = "<group>"; };
		A132048A1C5757EA00852A57 /* Base */ = {isa = PBXFileReference; lastKnownFileType = file.storyboard; name = Base; path = Base.lproj/LaunchScreen.storyboard; sourceTree = "<group>"; };
		A132048C1C5757EA00852A57 /* Info.plist */ = {isa = PBXFileReference; lastKnownFileType = text.plist.xml; path = Info.plist; sourceTree = "<group>"; };
		A13204B21C57590500852A57 /* Constants.swift */ = {isa = PBXFileReference; fileEncoding = 4; lastKnownFileType = sourcecode.swift; path = Constants.swift; sourceTree = "<group>"; };
		A13204B51C57590500852A57 /* Enumerate.swift */ = {isa = PBXFileReference; fileEncoding = 4; lastKnownFileType = sourcecode.swift; path = Enumerate.swift; sourceTree = "<group>"; };
		A13204B71C57590500852A57 /* Protocol.swift */ = {isa = PBXFileReference; fileEncoding = 4; lastKnownFileType = sourcecode.swift; path = Protocol.swift; sourceTree = "<group>"; };
		A13204B91C57590500852A57 /* CoreAnimationExtension.swift */ = {isa = PBXFileReference; fileEncoding = 4; lastKnownFileType = sourcecode.swift; path = CoreAnimationExtension.swift; sourceTree = "<group>"; };
		A13204BA1C57590500852A57 /* CoreGraphicsExtension.swift */ = {isa = PBXFileReference; fileEncoding = 4; lastKnownFileType = sourcecode.swift; path = CoreGraphicsExtension.swift; sourceTree = "<group>"; };
		A13204BB1C57590500852A57 /* FoundationExtension.swift */ = {isa = PBXFileReference; fileEncoding = 4; lastKnownFileType = sourcecode.swift; path = FoundationExtension.swift; sourceTree = "<group>"; };
		A13204BC1C57590500852A57 /* OtherExtension.swift */ = {isa = PBXFileReference; fileEncoding = 4; lastKnownFileType = sourcecode.swift; path = OtherExtension.swift; sourceTree = "<group>"; };
		A13204BD1C57590500852A57 /* SwiftExtension.swift */ = {isa = PBXFileReference; fileEncoding = 4; lastKnownFileType = sourcecode.swift; path = SwiftExtension.swift; sourceTree = "<group>"; };
		A13204BE1C57590500852A57 /* UIKitExtension.swift */ = {isa = PBXFileReference; fileEncoding = 4; lastKnownFileType = sourcecode.swift; path = UIKitExtension.swift; sourceTree = "<group>"; };
		A13204C11C57590500852A57 /* en */ = {isa = PBXFileReference; lastKnownFileType = text.plist.strings; name = en; path = en.lproj/Localization.strings; sourceTree = "<group>"; };
		A13204C21C57590500852A57 /* Localization.swift */ = {isa = PBXFileReference; fileEncoding = 4; lastKnownFileType = sourcecode.swift; path = Localization.swift; sourceTree = "<group>"; };
		A13204C31C57590500852A57 /* zh-Hans */ = {isa = PBXFileReference; lastKnownFileType = text.plist.strings; name = "zh-Hans"; path = "zh-Hans.lproj/Localization.strings"; sourceTree = "<group>"; };
		A13204C41C57590500852A57 /* zh-Hant */ = {isa = PBXFileReference; lastKnownFileType = text.plist.strings; name = "zh-Hant"; path = "zh-Hant.lproj/Localization.strings"; sourceTree = "<group>"; };
		A13204D41C57590C00852A57 /* DateTool.swift */ = {isa = PBXFileReference; fileEncoding = 4; lastKnownFileType = sourcecode.swift; path = DateTool.swift; sourceTree = "<group>"; };
		A13204D61C57590C00852A57 /* Log.swift */ = {isa = PBXFileReference; fileEncoding = 4; lastKnownFileType = sourcecode.swift; path = Log.swift; sourceTree = "<group>"; };
		A13204D71C57590C00852A57 /* LogEnumeration.swift */ = {isa = PBXFileReference; fileEncoding = 4; lastKnownFileType = sourcecode.swift; path = LogEnumeration.swift; sourceTree = "<group>"; };
		A13204D91C57590C00852A57 /* MathTool.swift */ = {isa = PBXFileReference; fileEncoding = 4; lastKnownFileType = sourcecode.swift; path = MathTool.swift; sourceTree = "<group>"; };
		A13204DD1C57590C00852A57 /* ProjectTool.swift */ = {isa = PBXFileReference; fileEncoding = 4; lastKnownFileType = sourcecode.swift; path = ProjectTool.swift; sourceTree = "<group>"; };
		A13204DF1C57590C00852A57 /* StringTool.swift */ = {isa = PBXFileReference; fileEncoding = 4; lastKnownFileType = sourcecode.swift; path = StringTool.swift; sourceTree = "<group>"; };
		A13204E11C57590C00852A57 /* SystemTool.swift */ = {isa = PBXFileReference; fileEncoding = 4; lastKnownFileType = sourcecode.swift; path = SystemTool.swift; sourceTree = "<group>"; };
		A13204E31C57590C00852A57 /* ViewTool.swift */ = {isa = PBXFileReference; fileEncoding = 4; lastKnownFileType = sourcecode.swift; path = ViewTool.swift; sourceTree = "<group>"; };
/* End PBXFileReference section */

/* Begin PBXFrameworksBuildPhase section */
		A132047A1C5757EA00852A57 /* Frameworks */ = {
			isa = PBXFrameworksBuildPhase;
			buildActionMask = 2147483647;
			files = (
			);
			runOnlyForDeploymentPostprocessing = 0;
		};
/* End PBXFrameworksBuildPhase section */

/* Begin PBXGroup section */
		A13204741C5757EA00852A57 = {
			isa = PBXGroup;
			children = (
				A132047F1C5757EA00852A57 /* JZBluetoothPeripheralDemo */,
				A132047E1C5757EA00852A57 /* Products */,
			);
			sourceTree = "<group>";
		};
		A132047E1C5757EA00852A57 /* Products */ = {
			isa = PBXGroup;
			children = (
				A132047D1C5757EA00852A57 /* JZBluetoothPeripheralDemo.app */,
			);
			name = Products;
			sourceTree = "<group>";
		};
		A132047F1C5757EA00852A57 /* JZBluetoothPeripheralDemo */ = {
			isa = PBXGroup;
			children = (
				A13204B01C57590500852A57 /* Config */,
				A13204D21C57590C00852A57 /* Util */,
				A13204801C5757EA00852A57 /* AppDelegate.swift */,
				A13204821C5757EA00852A57 /* ViewController.swift */,
				A13204841C5757EA00852A57 /* Main.storyboard */,
				A13204871C5757EA00852A57 /* Assets.xcassets */,
				A13204891C5757EA00852A57 /* LaunchScreen.storyboard */,
				A132048C1C5757EA00852A57 /* Info.plist */,
			);
			path = JZBluetoothPeripheralDemo;
			sourceTree = "<group>";
		};
		A13204B01C57590500852A57 /* Config */ = {
			isa = PBXGroup;
			children = (
				A13204B11C57590500852A57 /* Constant */,
				A13204B31C57590500852A57 /* Definition */,
				A13204B81C57590500852A57 /* Extension */,
				A13204BF1C57590500852A57 /* Localization */,
				A13204C51C57590500852A57 /* Properties */,
				A13204C61C57590500852A57 /* Storage */,
			);
			path = Config;
			sourceTree = "<group>";
		};
		A13204B11C57590500852A57 /* Constant */ = {
			isa = PBXGroup;
			children = (
				A13204B21C57590500852A57 /* Constants.swift */,
			);
			path = Constant;
			sourceTree = "<group>";
		};
		A13204B31C57590500852A57 /* Definition */ = {
			isa = PBXGroup;
			children = (
				A13204B41C57590500852A57 /* Enumerate */,
				A13204B61C57590500852A57 /* Protocol */,
			);
			path = Definition;
			sourceTree = "<group>";
		};
		A13204B41C57590500852A57 /* Enumerate */ = {
			isa = PBXGroup;
			children = (
				A13204B51C57590500852A57 /* Enumerate.swift */,
			);
			path = Enumerate;
			sourceTree = "<group>";
		};
		A13204B61C57590500852A57 /* Protocol */ = {
			isa = PBXGroup;
			children = (
				A13204B71C57590500852A57 /* Protocol.swift */,
			);
			path = Protocol;
			sourceTree = "<group>";
		};
		A13204B81C57590500852A57 /* Extension */ = {
			isa = PBXGroup;
			children = (
				A13204B91C57590500852A57 /* CoreAnimationExtension.swift */,
				A13204BA1C57590500852A57 /* CoreGraphicsExtension.swift */,
				A13204BB1C57590500852A57 /* FoundationExtension.swift */,
				A13204BC1C57590500852A57 /* OtherExtension.swift */,
				A13204BD1C57590500852A57 /* SwiftExtension.swift */,
				A13204BE1C57590500852A57 /* UIKitExtension.swift */,
			);
			path = Extension;
			sourceTree = "<group>";
		};
		A13204BF1C57590500852A57 /* Localization */ = {
			isa = PBXGroup;
			children = (
				A13204C01C57590500852A57 /* Localization.strings */,
				A13204C21C57590500852A57 /* Localization.swift */,
			);
			path = Localization;
			sourceTree = "<group>";
		};
		A13204C51C57590500852A57 /* Properties */ = {
			isa = PBXGroup;
			children = (
			);
			path = Properties;
			sourceTree = "<group>";
		};
		A13204C61C57590500852A57 /* Storage */ = {
			isa = PBXGroup;
			children = (
			);
			path = Storage;
			sourceTree = "<group>";
		};
		A13204D21C57590C00852A57 /* Util */ = {
			isa = PBXGroup;
			children = (
				A13204D31C57590C00852A57 /* Date&Time */,
				A13204D51C57590C00852A57 /* Log */,
				A13204D81C57590C00852A57 /* Mathematical */,
				A13204DA1C57590C00852A57 /* Network */,
				A13204DC1C57590C00852A57 /* Project */,
				A13204DE1C57590C00852A57 /* String */,
				A13204E01C57590C00852A57 /* System */,
				A13204E21C57590C00852A57 /* View */,
			);
			path = Util;
			sourceTree = "<group>";
		};
		A13204D31C57590C00852A57 /* Date&Time */ = {
			isa = PBXGroup;
			children = (
				A13204D41C57590C00852A57 /* DateTool.swift */,
			);
			path = "Date&Time";
			sourceTree = "<group>";
		};
		A13204D51C57590C00852A57 /* Log */ = {
			isa = PBXGroup;
			children = (
				A13204D61C57590C00852A57 /* Log.swift */,
				A13204D71C57590C00852A57 /* LogEnumeration.swift */,
			);
			path = Log;
			sourceTree = "<group>";
		};
		A13204D81C57590C00852A57 /* Mathematical */ = {
			isa = PBXGroup;
			children = (
				A13204D91C57590C00852A57 /* MathTool.swift */,
			);
			path = Mathematical;
			sourceTree = "<group>";
		};
		A13204DA1C57590C00852A57 /* Network */ = {
			isa = PBXGroup;
			children = (
			);
			path = Network;
			sourceTree = "<group>";
		};
		A13204DC1C57590C00852A57 /* Project */ = {
			isa = PBXGroup;
			children = (
				A13204DD1C57590C00852A57 /* ProjectTool.swift */,
			);
			path = Project;
			sourceTree = "<group>";
		};
		A13204DE1C57590C00852A57 /* String */ = {
			isa = PBXGroup;
			children = (
				A13204DF1C57590C00852A57 /* StringTool.swift */,
			);
			path = String;
			sourceTree = "<group>";
		};
		A13204E01C57590C00852A57 /* System */ = {
			isa = PBXGroup;
			children = (
				A13204E11C57590C00852A57 /* SystemTool.swift */,
			);
			path = System;
			sourceTree = "<group>";
		};
		A13204E21C57590C00852A57 /* View */ = {
			isa = PBXGroup;
			children = (
				A13204E31C57590C00852A57 /* ViewTool.swift */,
			);
			path = View;
			sourceTree = "<group>";
		};
/* End PBXGroup section */

/* Begin PBXNativeTarget section */
		A132047C1C5757EA00852A57 /* JZBluetoothPeripheralDemo */ = {
			isa = PBXNativeTarget;
			buildConfigurationList = A132048F1C5757EA00852A57 /* Build configuration list for PBXNativeTarget "JZBluetoothPeripheralDemo" */;
			buildPhases = (
				A13204791C5757EA00852A57 /* Sources */,
				A132047A1C5757EA00852A57 /* Frameworks */,
				A132047B1C5757EA00852A57 /* Resources */,
			);
			buildRules = (
			);
			dependencies = (
			);
			name = JZBluetoothPeripheralDemo;
			productName = JZBluetoothPeripheralDemo;
			productReference = A132047D1C5757EA00852A57 /* JZBluetoothPeripheralDemo.app */;
			productType = "com.apple.product-type.application";
		};
/* End PBXNativeTarget section */

/* Begin PBXProject section */
		A13204751C5757EA00852A57 /* Project object */ = {
			isa = PBXProject;
			attributes = {
				LastSwiftUpdateCheck = 0720;
				LastUpgradeCheck = 0720;
				ORGANIZATIONNAME = WeSwift;
				TargetAttributes = {
					A132047C1C5757EA00852A57 = {
						CreatedOnToolsVersion = 7.2;
					};
				};
			};
			buildConfigurationList = A13204781C5757EA00852A57 /* Build configuration list for PBXProject "JZBluetoothPeripheralDemo" */;
			compatibilityVersion = "Xcode 3.2";
			developmentRegion = English;
			hasScannedForEncodings = 0;
			knownRegions = (
				en,
				Base,
				"zh-Hans",
				"zh-Hant",
			);
			mainGroup = A13204741C5757EA00852A57;
			productRefGroup = A132047E1C5757EA00852A57 /* Products */;
			projectDirPath = "";
			projectRoot = "";
			targets = (
				A132047C1C5757EA00852A57 /* JZBluetoothPeripheralDemo */,
			);
		};
/* End PBXProject section */

/* Begin PBXResourcesBuildPhase section */
		A132047B1C5757EA00852A57 /* Resources */ = {
			isa = PBXResourcesBuildPhase;
			buildActionMask = 2147483647;
			files = (
				A132048B1C5757EA00852A57 /* LaunchScreen.storyboard in Resources */,
				A13204D01C57590500852A57 /* Localization.strings in Resources */,
				A13204881C5757EA00852A57 /* Assets.xcassets in Resources */,
				A13204861C5757EA00852A57 /* Main.storyboard in Resources */,
			);
			runOnlyForDeploymentPostprocessing = 0;
		};
/* End PBXResourcesBuildPhase section */

/* Begin PBXSourcesBuildPhase section */
		A13204791C5757EA00852A57 /* Sources */ = {
			isa = PBXSourcesBuildPhase;
			buildActionMask = 2147483647;
			files = (
				A13204CC1C57590500852A57 /* FoundationExtension.swift in Sources */,
				A13204E71C57590C00852A57 /* MathTool.swift in Sources */,
				A13204C81C57590500852A57 /* Enumerate.swift in Sources */,
				A13204D11C57590500852A57 /* Localization.swift in Sources */,
				A13204CD1C57590500852A57 /* OtherExtension.swift in Sources */,
				A13204EA1C57590C00852A57 /* StringTool.swift in Sources */,
				A13204CE1C57590500852A57 /* SwiftExtension.swift in Sources */,
				A13204831C5757EA00852A57 /* ViewController.swift in Sources */,
				A13204811C5757EA00852A57 /* AppDelegate.swift in Sources */,
				A13204CA1C57590500852A57 /* CoreAnimationExtension.swift in Sources */,
				A13204EB1C57590C00852A57 /* SystemTool.swift in Sources */,
				A13204E51C57590C00852A57 /* Log.swift in Sources */,
				A13204C71C57590500852A57 /* Constants.swift in Sources */,
				A13204EC1C57590C00852A57 /* ViewTool.swift in Sources */,
				A13204E61C57590C00852A57 /* LogEnumeration.swift in Sources */,
				A13204E91C57590C00852A57 /* ProjectTool.swift in Sources */,
				A13204CB1C57590500852A57 /* CoreGraphicsExtension.swift in Sources */,
				A13204CF1C57590500852A57 /* UIKitExtension.swift in Sources */,
				A13204C91C57590500852A57 /* Protocol.swift in Sources */,
				A13204E41C57590C00852A57 /* DateTool.swift in Sources */,
			);
			runOnlyForDeploymentPostprocessing = 0;
		};
/* End PBXSourcesBuildPhase section */

/* Begin PBXVariantGroup section */
		A13204841C5757EA00852A57 /* Main.storyboard */ = {
			isa = PBXVariantGroup;
			children = (
				A13204851C5757EA00852A57 /* Base */,
			);
			name = Main.storyboard;
			sourceTree = "<group>";
		};
		A13204891C5757EA00852A57 /* LaunchScreen.storyboard */ = {
			isa = PBXVariantGroup;
			children = (
				A132048A1C5757EA00852A57 /* Base */,
			);
			name = LaunchScreen.storyboard;
			sourceTree = "<group>";
		};
		A13204C01C57590500852A57 /* Localization.strings */ = {
			isa = PBXVariantGroup;
			children = (
				A13204C11C57590500852A57 /* en */,
				A13204C31C57590500852A57 /* zh-Hans */,
				A13204C41C57590500852A57 /* zh-Hant */,
			);
			name = Localization.strings;
			sourceTree = "<group>";
		};
/* End PBXVariantGroup section */

/* Begin XCBuildConfiguration section */
		A132048D1C5757EA00852A57 /* Debug */ = {
			isa = XCBuildConfiguration;
			buildSettings = {
				ALWAYS_SEARCH_USER_PATHS = NO;
				CLANG_CXX_LANGUAGE_STANDARD = "gnu++0x";
				CLANG_CXX_LIBRARY = "libc++";
				CLANG_ENABLE_MODULES = YES;
				CLANG_ENABLE_OBJC_ARC = YES;
				CLANG_WARN_BOOL_CONVERSION = YES;
				CLANG_WARN_CONSTANT_CONVERSION = YES;
				CLANG_WARN_DIRECT_OBJC_ISA_USAGE = YES_ERROR;
				CLANG_WARN_EMPTY_BODY = YES;
				CLANG_WARN_ENUM_CONVERSION = YES;
				CLANG_WARN_INT_CONVERSION = YES;
				CLANG_WARN_OBJC_ROOT_CLASS = YES_ERROR;
				CLANG_WARN_UNREACHABLE_CODE = YES;
				CLANG_WARN__DUPLICATE_METHOD_MATCH = YES;
				"CODE_SIGN_IDENTITY[sdk=iphoneos*]" = "iPhone Developer";
				COPY_PHASE_STRIP = NO;
				DEBUG_INFORMATION_FORMAT = dwarf;
				ENABLE_STRICT_OBJC_MSGSEND = YES;
				ENABLE_TESTABILITY = YES;
				GCC_C_LANGUAGE_STANDARD = gnu99;
				GCC_DYNAMIC_NO_PIC = NO;
				GCC_NO_COMMON_BLOCKS = YES;
				GCC_OPTIMIZATION_LEVEL = 0;
				GCC_PREPROCESSOR_DEFINITIONS = (
					"DEBUG=1",
					"$(inherited)",
				);
				GCC_WARN_64_TO_32_BIT_CONVERSION = YES;
				GCC_WARN_ABOUT_RETURN_TYPE = YES_ERROR;
				GCC_WARN_UNDECLARED_SELECTOR = YES;
				GCC_WARN_UNINITIALIZED_AUTOS = YES_AGGRESSIVE;
				GCC_WARN_UNUSED_FUNCTION = YES;
				GCC_WARN_UNUSED_VARIABLE = YES;
				IPHONEOS_DEPLOYMENT_TARGET = 9.2;
				MTL_ENABLE_DEBUG_INFO = YES;
				ONLY_ACTIVE_ARCH = YES;
				SDKROOT = iphoneos;
				SWIFT_OPTIMIZATION_LEVEL = "-Onone";
			};
			name = Debug;
		};
		A132048E1C5757EA00852A57 /* Release */ = {
			isa = XCBuildConfiguration;
			buildSettings = {
				ALWAYS_SEARCH_USER_PATHS = NO;
				CLANG_CXX_LANGUAGE_STANDARD = "gnu++0x";
				CLANG_CXX_LIBRARY = "libc++";
				CLANG_ENABLE_MODULES = YES;
				CLANG_ENABLE_OBJC_ARC = YES;
				CLANG_WARN_BOOL_CONVERSION = YES;
				CLANG_WARN_CONSTANT_CONVERSION = YES;
				CLANG_WARN_DIRECT_OBJC_ISA_USAGE = YES_ERROR;
				CLANG_WARN_EMPTY_BODY = YES;
				CLANG_WARN_ENUM_CONVERSION = YES;
				CLANG_WARN_INT_CONVERSION = YES;
				CLANG_WARN_OBJC_ROOT_CLASS = YES_ERROR;
				CLANG_WARN_UNREACHABLE_CODE = YES;
				CLANG_WARN__DUPLICATE_METHOD_MATCH = YES;
				"CODE_SIGN_IDENTITY[sdk=iphoneos*]" = "iPhone Developer";
				COPY_PHASE_STRIP = NO;
				DEBUG_INFORMATION_FORMAT = "dwarf-with-dsym";
				ENABLE_NS_ASSERTIONS = NO;
				ENABLE_STRICT_OBJC_MSGSEND = YES;
				GCC_C_LANGUAGE_STANDARD = gnu99;
				GCC_NO_COMMON_BLOCKS = YES;
				GCC_WARN_64_TO_32_BIT_CONVERSION = YES;
				GCC_WARN_ABOUT_RETURN_TYPE = YES_ERROR;
				GCC_WARN_UNDECLARED_SELECTOR = YES;
				GCC_WARN_UNINITIALIZED_AUTOS = YES_AGGRESSIVE;
				GCC_WARN_UNUSED_FUNCTION = YES;
				GCC_WARN_UNUSED_VARIABLE = YES;
				IPHONEOS_DEPLOYMENT_TARGET = 9.2;
				MTL_ENABLE_DEBUG_INFO = NO;
				SDKROOT = iphoneos;
				VALIDATE_PRODUCT = YES;
			};
			name = Release;
		};
		A13204901C5757EA00852A57 /* Debug */ = {
			isa = XCBuildConfiguration;
			buildSettings = {
				ASSETCATALOG_COMPILER_APPICON_NAME = AppIcon;
				INFOPLIST_FILE = JZBluetoothPeripheralDemo/Info.plist;
				IPHONEOS_DEPLOYMENT_TARGET = 8.0;
				LD_RUNPATH_SEARCH_PATHS = "$(inherited) @executable_path/Frameworks";
				PRODUCT_BUNDLE_IDENTIFIER = com.weswift.JZBluetoothPeripheralDemo;
				PRODUCT_NAME = "$(TARGET_NAME)";
			};
			name = Debug;
		};
		A13204911C5757EA00852A57 /* Release */ = {
			isa = XCBuildConfiguration;
			buildSettings = {
				ASSETCATALOG_COMPILER_APPICON_NAME = AppIcon;
				INFOPLIST_FILE = JZBluetoothPeripheralDemo/Info.plist;
				IPHONEOS_DEPLOYMENT_TARGET = 8.0;
				LD_RUNPATH_SEARCH_PATHS = "$(inherited) @executable_path/Frameworks";
				PRODUCT_BUNDLE_IDENTIFIER = com.weswift.JZBluetoothPeripheralDemo;
				PRODUCT_NAME = "$(TARGET_NAME)";
			};
			name = Release;
		};
/* End XCBuildConfiguration section */

/* Begin XCConfigurationList section */
		A13204781C5757EA00852A57 /* Build configuration list for PBXProject "JZBluetoothPeripheralDemo" */ = {
			isa = XCConfigurationList;
			buildConfigurations = (
				A132048D1C5757EA00852A57 /* Debug */,
				A132048E1C5757EA00852A57 /* Release */,
			);
			defaultConfigurationIsVisible = 0;
			defaultConfigurationName = Release;
		};
		A132048F1C5757EA00852A57 /* Build configuration list for PBXNativeTarget "JZBluetoothPeripheralDemo" */ = {
			isa = XCConfigurationList;
			buildConfigurations = (
				A13204901C5757EA00852A57 /* Debug */,
				A13204911C5757EA00852A57 /* Release */,
			);
			defaultConfigurationIsVisible = 0;
			defaultConfigurationName = Release;
		};
/* End XCConfigurationList section */
	};
	rootObject = A13204751C5757EA00852A57 /* Project object */;
}
