// !$*UTF8*$!
{
	archiveVersion = 1;
	classes = {
	};
	objectVersion = 46;
	objects = {

/* Begin PBXBuildFile section */
		A1C07DEA1C589A0E000774D7 /* main.m in Sources */ = {isa = PBXBuildFile; fileRef = A1C07DE91C589A0E000774D7 /* main.m */; };
		A1C07DED1C589A0E000774D7 /* AppDelegate.m in Sources */ = {isa = PBXBuildFile; fileRef = A1C07DEC1C589A0E000774D7 /* AppDelegate.m */; };
		A1C07DF01C589A0E000774D7 /* ViewController.m in Sources */ = {isa = PBXBuildFile; fileRef = A1C07DEF1C589A0E000774D7 /* ViewController.m */; };
		A1C07DF31C589A0E000774D7 /* Main.storyboard in Resources */ = {isa = PBXBuildFile; fileRef = A1C07DF11C589A0E000774D7 /* Main.storyboard */; };
		A1C07DF51C589A0E000774D7 /* Assets.xcassets in Resources */ = {isa = PBXBuildFile; fileRef = A1C07DF41C589A0E000774D7 /* Assets.xcassets */; };
		A1C07DF81C589A0E000774D7 /* LaunchScreen.storyboard in Resources */ = {isa = PBXBuildFile; fileRef = A1C07DF61C589A0E000774D7 /* LaunchScreen.storyboard */; };
/* End PBXBuildFile section */

/* Begin PBXFileReference section */
		A1C07DE51C589A0E000774D7 /* JZBluetoothAdvertisting-OC.app */ = {isa = PBXFileReference; explicitFileType = wrapper.application; includeInIndex = 0; path = "JZBluetoothAdvertisting-OC.app"; sourceTree = BUILT_PRODUCTS_DIR; };
		A1C07DE91C589A0E000774D7 /* main.m */ = {isa = PBXFileReference; lastKnownFileType = sourcecode.c.objc; path = main.m; sourceTree = "<group>"; };
		A1C07DEB1C589A0E000774D7 /* AppDelegate.h */ = {isa = PBXFileReference; lastKnownFileType = sourcecode.c.h; path = AppDelegate.h; sourceTree = "<group>"; };
		A1C07DEC1C589A0E000774D7 /* AppDelegate.m */ = {isa = PBXFileReference; lastKnownFileType = sourcecode.c.objc; path = AppDelegate.m; sourceTree = "<group>"; };
		A1C07DEE1C589A0E000774D7 /* ViewController.h */ = {isa = PBXFileReference; lastKnownFileType = sourcecode.c.h; path = ViewController.h; sourceTree = "<group>"; };
		A1C07DEF1C589A0E000774D7 /* ViewController.m */ = {isa = PBXFileReference; lastKnownFileType = sourcecode.c.objc; path = ViewController.m; sourceTree = "<group>"; };
		A1C07DF21C589A0E000774D7 /* Base */ = {isa = PBXFileReference; lastKnownFileType = file.storyboard; name = Base; path = Base.lproj/Main.storyboard; sourceTree = "<group>"; };
		A1C07DF41C589A0E000774D7 /* Assets.xcassets */ = {isa = PBXFileReference; lastKnownFileType = folder.assetcatalog; path = Assets.xcassets; sourceTree = "<group>"; };
		A1C07DF71C589A0E000774D7 /* Base */ = {isa = PBXFileReference; lastKnownFileType = file.storyboard; name = Base; path = Base.lproj/LaunchScreen.storyboard; sourceTree = "<group>"; };
		A1C07DF91C589A0E000774D7 /* Info.plist */ = {isa = PBXFileReference; lastKnownFileType = text.plist.xml; path = Info.plist; sourceTree = "<group>"; };
/* End PBXFileReference section */

/* Begin PBXFrameworksBuildPhase section */
		A1C07DE21C589A0E000774D7 /* Frameworks */ = {
			isa = PBXFrameworksBuildPhase;
			buildActionMask = 2147483647;
			files = (
			);
			runOnlyForDeploymentPostprocessing = 0;
		};
/* End PBXFrameworksBuildPhase section */

/* Begin PBXGroup section */
		A1C07DDC1C589A0E000774D7 = {
			isa = PBXGroup;
			children = (
				A1C07DE71C589A0E000774D7 /* JZBluetoothAdvertisting-OC */,
				A1C07DE61C589A0E000774D7 /* Products */,
			);
			sourceTree = "<group>";
		};
		A1C07DE61C589A0E000774D7 /* Products */ = {
			isa = PBXGroup;
			children = (
				A1C07DE51C589A0E000774D7 /* JZBluetoothAdvertisting-OC.app */,
			);
			name = Products;
			sourceTree = "<group>";
		};
		A1C07DE71C589A0E000774D7 /* JZBluetoothAdvertisting-OC */ = {
			isa = PBXGroup;
			children = (
				A1C07DEB1C589A0E000774D7 /* AppDelegate.h */,
				A1C07DEC1C589A0E000774D7 /* AppDelegate.m */,
				A1C07DEE1C589A0E000774D7 /* ViewController.h */,
				A1C07DEF1C589A0E000774D7 /* ViewController.m */,
				A1C07DF11C589A0E000774D7 /* Main.storyboard */,
				A1C07DF41C589A0E000774D7 /* Assets.xcassets */,
				A1C07DF61C589A0E000774D7 /* LaunchScreen.storyboard */,
				A1C07DF91C589A0E000774D7 /* Info.plist */,
				A1C07DE81C589A0E000774D7 /* Supporting Files */,
			);
			path = "JZBluetoothAdvertisting-OC";
			sourceTree = "<group>";
		};
		A1C07DE81C589A0E000774D7 /* Supporting Files */ = {
			isa = PBXGroup;
			children = (
				A1C07DE91C589A0E000774D7 /* main.m */,
			);
			name = "Supporting Files";
			sourceTree = "<group>";
		};
/* End PBXGroup section */

/* Begin PBXNativeTarget section */
		A1C07DE41C589A0E000774D7 /* JZBluetoothAdvertisting-OC */ = {
			isa = PBXNativeTarget;
			buildConfigurationList = A1C07DFC1C589A0E000774D7 /* Build configuration list for PBXNativeTarget "JZBluetoothAdvertisting-OC" */;
			buildPhases = (
				A1C07DE11C589A0E000774D7 /* Sources */,
				A1C07DE21C589A0E000774D7 /* Frameworks */,
				A1C07DE31C589A0E000774D7 /* Resources */,
			);
			buildRules = (
			);
			dependencies = (
			);
			name = "JZBluetoothAdvertisting-OC";
			productName = "JZBluetoothAdvertisting-OC";
			productReference = A1C07DE51C589A0E000774D7 /* JZBluetoothAdvertisting-OC.app */;
			productType = "com.apple.product-type.application";
		};
/* End PBXNativeTarget section */

/* Begin PBXProject section */
		A1C07DDD1C589A0E000774D7 /* Project object */ = {
			isa = PBXProject;
			attributes = {
				LastUpgradeCheck = 0720;
				ORGANIZATIONNAME = WeSwift;
				TargetAttributes = {
					A1C07DE41C589A0E000774D7 = {
						CreatedOnToolsVersion = 7.2;
					};
				};
			};
			buildConfigurationList = A1C07DE01C589A0E000774D7 /* Build configuration list for PBXProject "JZBluetoothAdvertisting-OC" */;
			compatibilityVersion = "Xcode 3.2";
			developmentRegion = English;
			hasScannedForEncodings = 0;
			knownRegions = (
				en,
				Base,
			);
			mainGroup = A1C07DDC1C589A0E000774D7;
			productRefGroup = A1C07DE61C589A0E000774D7 /* Products */;
			projectDirPath = "";
			projectRoot = "";
			targets = (
				A1C07DE41C589A0E000774D7 /* JZBluetoothAdvertisting-OC */,
			);
		};
/* End PBXProject section */

/* Begin PBXResourcesBuildPhase section */
		A1C07DE31C589A0E000774D7 /* Resources */ = {
			isa = PBXResourcesBuildPhase;
			buildActionMask = 2147483647;
			files = (
				A1C07DF81C589A0E000774D7 /* LaunchScreen.storyboard in Resources */,
				A1C07DF51C589A0E000774D7 /* Assets.xcassets in Resources */,
				A1C07DF31C589A0E000774D7 /* Main.storyboard in Resources */,
			);
			runOnlyForDeploymentPostprocessing = 0;
		};
/* End PBXResourcesBuildPhase section */

/* Begin PBXSourcesBuildPhase section */
		A1C07DE11C589A0E000774D7 /* Sources */ = {
			isa = PBXSourcesBuildPhase;
			buildActionMask = 2147483647;
			files = (
				A1C07DF01C589A0E000774D7 /* ViewController.m in Sources */,
				A1C07DED1C589A0E000774D7 /* AppDelegate.m in Sources */,
				A1C07DEA1C589A0E000774D7 /* main.m in Sources */,
			);
			runOnlyForDeploymentPostprocessing = 0;
		};
/* End PBXSourcesBuildPhase section */

/* Begin PBXVariantGroup section */
		A1C07DF11C589A0E000774D7 /* Main.storyboard */ = {
			isa = PBXVariantGroup;
			children = (
				A1C07DF21C589A0E000774D7 /* Base */,
			);
			name = Main.storyboard;
			sourceTree = "<group>";
		};
		A1C07DF61C589A0E000774D7 /* LaunchScreen.storyboard */ = {
			isa = PBXVariantGroup;
			children = (
				A1C07DF71C589A0E000774D7 /* Base */,
			);
			name = LaunchScreen.storyboard;
			sourceTree = "<group>";
		};
/* End PBXVariantGroup section */

/* Begin XCBuildConfiguration section */
		A1C07DFA1C589A0E000774D7 /* Debug */ = {
			isa = XCBuildConfiguration;
			buildSettings = {
				ALWAYS_SEARCH_USER_PATHS = NO;
				CLANG_CXX_LANGUAGE_STANDARD = "gnu++0x";
				CLANG_CXX_LIBRARY = "libc++";
				CLANG_ENABLE_MODULES = YES;
				CLANG_ENABLE_OBJC_ARC = YES;
				CLANG_WARN_BOOL_CONVERSION = YES;
				CLANG_WARN_CONSTANT_CONVERSION = YES;
				CLANG_WARN_DIRECT_OBJC_ISA_USAGE = YES_ERROR;
				CLANG_WARN_EMPTY_BODY = YES;
				CLANG_WARN_ENUM_CONVERSION = YES;
				CLANG_WARN_INT_CONVERSION = YES;
				CLANG_WARN_OBJC_ROOT_CLASS = YES_ERROR;
				CLANG_WARN_UNREACHABLE_CODE = YES;
				CLANG_WARN__DUPLICATE_METHOD_MATCH = YES;
				"CODE_SIGN_IDENTITY[sdk=iphoneos*]" = "iPhone Developer";
				COPY_PHASE_STRIP = NO;
				DEBUG_INFORMATION_FORMAT = dwarf;
				ENABLE_STRICT_OBJC_MSGSEND = YES;
				ENABLE_TESTABILITY = YES;
				GCC_C_LANGUAGE_STANDARD = gnu99;
				GCC_DYNAMIC_NO_PIC = NO;
				GCC_NO_COMMON_BLOCKS = YES;
				GCC_OPTIMIZATION_LEVEL = 0;
				GCC_PREPROCESSOR_DEFINITIONS = (
					"DEBUG=1",
					"$(inherited)",
				);
				GCC_WARN_64_TO_32_BIT_CONVERSION = YES;
				GCC_WARN_ABOUT_RETURN_TYPE = YES_ERROR;
				GCC_WARN_UNDECLARED_SELECTOR = YES;
				GCC_WARN_UNINITIALIZED_AUTOS = YES_AGGRESSIVE;
				GCC_WARN_UNUSED_FUNCTION = YES;
				GCC_WARN_UNUSED_VARIABLE = YES;
				IPHONEOS_DEPLOYMENT_TARGET = 9.2;
				MTL_ENABLE_DEBUG_INFO = YES;
				ONLY_ACTIVE_ARCH = YES;
				SDKROOT = iphoneos;
			};
			name = Debug;
		};
		A1C07DFB1C589A0E000774D7 /* Release */ = {
			isa = XCBuildConfiguration;
			buildSettings = {
				ALWAYS_SEARCH_USER_PATHS = NO;
				CLANG_CXX_LANGUAGE_STANDARD = "gnu++0x";
				CLANG_CXX_LIBRARY = "libc++";
				CLANG_ENABLE_MODULES = YES;
				CLANG_ENABLE_OBJC_ARC = YES;
				CLANG_WARN_BOOL_CONVERSION = YES;
				CLANG_WARN_CONSTANT_CONVERSION = YES;
				CLANG_WARN_DIRECT_OBJC_ISA_USAGE = YES_ERROR;
				CLANG_WARN_EMPTY_BODY = YES;
				CLANG_WARN_ENUM_CONVERSION = YES;
				CLANG_WARN_INT_CONVERSION = YES;
				CLANG_WARN_OBJC_ROOT_CLASS = YES_ERROR;
				CLANG_WARN_UNREACHABLE_CODE = YES;
				CLANG_WARN__DUPLICATE_METHOD_MATCH = YES;
				"CODE_SIGN_IDENTITY[sdk=iphoneos*]" = "iPhone Developer";
				COPY_PHASE_STRIP = NO;
				DEBUG_INFORMATION_FORMAT = "dwarf-with-dsym";
				ENABLE_NS_ASSERTIONS = NO;
				ENABLE_STRICT_OBJC_MSGSEND = YES;
				GCC_C_LANGUAGE_STANDARD = gnu99;
				GCC_NO_COMMON_BLOCKS = YES;
				GCC_WARN_64_TO_32_BIT_CONVERSION = YES;
				GCC_WARN_ABOUT_RETURN_TYPE = YES_ERROR;
				GCC_WARN_UNDECLARED_SELECTOR = YES;
				GCC_WARN_UNINITIALIZED_AUTOS = YES_AGGRESSIVE;
				GCC_WARN_UNUSED_FUNCTION = YES;
				GCC_WARN_UNUSED_VARIABLE = YES;
				IPHONEOS_DEPLOYMENT_TARGET = 9.2;
				MTL_ENABLE_DEBUG_INFO = NO;
				SDKROOT = iphoneos;
				VALIDATE_PRODUCT = YES;
			};
			name = Release;
		};
		A1C07DFD1C589A0E000774D7 /* Debug */ = {
			isa = XCBuildConfiguration;
			buildSettings = {
				ASSETCATALOG_COMPILER_APPICON_NAME = AppIcon;
				INFOPLIST_FILE = "JZBluetoothAdvertisting-OC/Info.plist";
				IPHONEOS_DEPLOYMENT_TARGET = 8.0;
				LD_RUNPATH_SEARCH_PATHS = "$(inherited) @executable_path/Frameworks";
				PRODUCT_BUNDLE_IDENTIFIER = "com.weswift.JZBluetoothAdvertisting-OC";
				PRODUCT_NAME = "$(TARGET_NAME)";
			};
			name = Debug;
		};
		A1C07DFE1C589A0E000774D7 /* Release */ = {
			isa = XCBuildConfiguration;
			buildSettings = {
				ASSETCATALOG_COMPILER_APPICON_NAME = AppIcon;
				INFOPLIST_FILE = "JZBluetoothAdvertisting-OC/Info.plist";
				IPHONEOS_DEPLOYMENT_TARGET = 8.0;
				LD_RUNPATH_SEARCH_PATHS = "$(inherited) @executable_path/Frameworks";
				PRODUCT_BUNDLE_IDENTIFIER = "com.weswift.JZBluetoothAdvertisting-OC";
				PRODUCT_NAME = "$(TARGET_NAME)";
			};
			name = Release;
		};
/* End XCBuildConfiguration section */

/* Begin XCConfigurationList section */
		A1C07DE01C589A0E000774D7 /* Build configuration list for PBXProject "JZBluetoothAdvertisting-OC" */ = {
			isa = XCConfigurationList;
			buildConfigurations = (
				A1C07DFA1C589A0E000774D7 /* Debug */,
				A1C07DFB1C589A0E000774D7 /* Release */,
			);
			defaultConfigurationIsVisible = 0;
			defaultConfigurationName = Release;
		};
		A1C07DFC1C589A0E000774D7 /* Build configuration list for PBXNativeTarget "JZBluetoothAdvertisting-OC" */ = {
			isa = XCConfigurationList;
			buildConfigurations = (
				A1C07DFD1C589A0E000774D7 /* Debug */,
				A1C07DFE1C589A0E000774D7 /* Release */,
			);
			defaultConfigurationIsVisible = 0;
			defaultConfigurationName = Release;
		};
/* End XCConfigurationList section */
	};
	rootObject = A1C07DDD1C589A0E000774D7 /* Project object */;
}
